
Microsoft Visual Studio Solution File, Format Version 12.00
# Visual Studio Version 16
VisualStudioVersion = 16.0.30011.22
MinimumVisualStudioVersion = 10.0.40219.1
Project("{9A19103F-16F7-4668-BE54-9A1E7A4F7556}") = "WebJob1", "WebJob1\WebJob1.csproj", "{B4E46581-C004-4CFA-A0D2-401FA6D4CAF2}"
EndProject
Project("{FAE04EC0-301F-11D3-BF4B-00C04F79EFBC}") = "WebJob2", "WebJob2\WebJob2.csproj", "{B56C9492-22DB-4193-B9EE-94B117052FE9}"
EndProject
Project("{FAE04EC0-301F-11D3-BF4B-00C04F79EFBC}") = "WebJob3", "WebJob3\WebJob3.csproj", "{075AF369-71B0-4705-9C5C-C29A52E49A3E}"
EndProject
Global
	GlobalSection(SolutionConfigurationPlatforms) = preSolution
		Debug|Any CPU = Debug|Any CPU
		Release|Any CPU = Release|Any CPU
	EndGlobalSection
	GlobalSection(ProjectConfigurationPlatforms) = postSolution
		{B4E46581-C004-4CFA-A0D2-401FA6D4CAF2}.Debug|Any CPU.ActiveCfg = Debug|Any CPU
		{B4E46581-C004-4CFA-A0D2-401FA6D4CAF2}.Debug|Any CPU.Build.0 = Debug|Any CPU
		{B4E46581-C004-4CFA-A0D2-401FA6D4CAF2}.Release|Any CPU.ActiveCfg = Release|Any CPU
		{B4E46581-C004-4CFA-A0D2-401FA6D4CAF2}.Release|Any CPU.Build.0 = Release|Any CPU
		{B56C9492-22DB-4193-B9EE-94B117052FE9}.Debug|Any CPU.ActiveCfg = Debug|Any CPU
		{B56C9492-22DB-4193-B9EE-94B117052FE9}.Debug|Any CPU.Build.0 = Debug|Any CPU
		{B56C9492-22DB-4193-B9EE-94B117052FE9}.Release|Any CPU.ActiveCfg = Release|Any CPU
		{B56C9492-22DB-4193-B9EE-94B117052FE9}.Release|Any CPU.Build.0 = Release|Any CPU
		{075AF369-71B0-4705-9C5C-C29A52E49A3E}.Debug|Any CPU.ActiveCfg = Debug|Any CPU
		{075AF369-71B0-4705-9C5C-C29A52E49A3E}.Debug|Any CPU.Build.0 = Debug|Any CPU
		{075AF369-71B0-4705-9C5C-C29A52E49A3E}.Release|Any CPU.ActiveCfg = Release|Any CPU
		{075AF369-71B0-4705-9C5C-C29A52E49A3E}.Release|Any CPU.Build.0 = Release|Any CPU
	EndGlobalSection
	GlobalSection(SolutionProperties) = preSolution
		HideSolutionNode = FALSE
	EndGlobalSection
	GlobalSection(ExtensibilityGlobals) = postSolution
		SolutionGuid = {BD93F319-E0D6-4E1F-BABA-2CC74472B2F5}
	EndGlobalSection
EndGlobal
